github.com/StackExchange/wmi v0.0.0-20190523213315-cbe66965904d h1:G0m3OIz70MZUWq3EgK3CesDbo8upS2Vm9/P3FtgI+Jk=
github.com/StackExchange/wmi v0.0.0-20190523213315-cbe66965904d/go.mod h1:3eOhrUMpNV+6aFIbp5/iudMxNCF27Vw2OZgy4xEx0Fg=
github.com/go-ini/ini v1.51.0 h1:VPJKXGzbKlyExUE8f41aV57yxkYx5R49yR6n7flp0M0=
github.com/go-ini/ini v1.51.0/go.mod h1:ByCAeIL28uOIIG0E3PJtZPDL8WnHpFKFOtgjp+3Ies8=
github.com/go-ole/go-ole v1.2.4 h1:nNBDSCOigTSiarFpYE9J/KtEA1IOW4CNeqT9TQDqCxI=
github.com/go-ole/go-ole v1.2.4/go.mod h1:XCwSNxSkXRo4vlyPy93sltvi/qJq0jqQhjqQNIwKuxM=
github.com/kardianos/osext v0.0.0-20190222173326-2bc1f35cddc0 h1:iQTw/8FWTuc7uiaSepXwyf3o52HaUYcV+Tu66S3F5GA=
github.com/kardianos/osext v0.0.0-20190222173326-2bc1f35cddc0/go.mod h1:1NbS8ALrpOvjt0rHPNLyCIeMtbizbir8U//inJ+zuB8=
github.com/sevlyar/go-daemon v0.1.5 h1:Zy/6jLbM8CfqJ4x4RPr7MJlSKt90f00kNM1D401C+Qk=
github.com/sevlyar/go-daemon v0.1.5/go.mod h1:6dJpPatBT9eUwM5VCw9Bt6CdX9Tk6UWvhW3MebLDRKE=
github.com/shirou/gopsutil v2.19.11+incompatible h1:lJHR0foqAjI4exXqWsU3DbH7bX1xvdhGdnXTIARA9W4=
github.com/shirou/gopsutil v2.19.11+incompatible/go.mod h1:5b4v6he4MtMOwMlS0TUMTu2PcXUg8+E1lC7eC3UO/RA=
github.com/shirou/w32 v0.0.0-20160930032740-bb4de0191aa4 h1:udFKJ0aHUL60LboW/A+DfgoHVedieIzIXE8uylPue0U=
github.com/shirou/w32 v0.0.0-20160930032740-bb4de0191aa4/go.mod h1:qsXQc7+bwAM3Q1u/4XEfrquwF8Lw7D7y5cD8CuHnfIc=
golang.org/x/sys v0.0.0-20191220142924-d4481acd189f h1:68K/z8GLUxV76xGSqwTWw2gyk/jwn79LUL43rES2g8o=
golang.org/x/sys v0.0.0-20191220142924-d4481acd189f/go.mod h1:h1NjWce9XRLGQEsW7wpKNCjG9DtNlClVuFLEZdDNbEs=
